{
  "nodes": {
    "nixpkgs": {
      "locked": {
        "lastModified": 1752687322,
        "narHash": "sha256-RKwfXA4OZROjBTQAl9WOZQFm7L8Bo93FQwSJpAiSRvo=",
        "owner": "NixOS",
        "repo": "nixpkgs",
        "rev": "6e987485eb2c77e5dcc5af4e3c70843711ef9251",
        "type": "github"
      },
      "original": {
        "owner": "NixOS",
        "ref": "nixos-unstable",
        "repo": "nixpkgs",
        "type": "github"
      }
    },
    "root": {
      "inputs": {
        "nixpkgs": "nixpkgs",
        "v6data": "v6data"
      }
    },
    "v6data": {
      "flake": false,
      "locked": {
        "lastModified": 1750819490,
        "narHash": "sha256-3k+l+kp/wbMKLXlnd8zJjYpg54XSLMKRLKOKP6nQhFQ=",
        "path": "/home/kat/.local/share/Steam/steamapps/common/vvvvvv/data.zip",
        "type": "path"
      },
      "original": {
        "path": "/home/kat/.local/share/Steam/steamapps/common/vvvvvv/data.zip",
        "type": "path"
      }
    }
  },
  "root": "root",
  "version": 7
}
